// !$*UTF8*$!
{
	archiveVersion = 1;
	classes = {
	};
	objectVersion = 50;
	objects = {

/* Begin PBXBuildFile section */
		AAE5B1FF26014C4D00F115F0 /* AppDelegate.swift in Sources */ = {isa = PBXBuildFile; fileRef = AAE5B1FE26014C4D00F115F0 /* AppDelegate.swift */; };
		AAE5B20126014C4D00F115F0 /* SceneDelegate.swift in Sources */ = {isa = PBXBuildFile; fileRef = AAE5B20026014C4D00F115F0 /* SceneDelegate.swift */; };
		AAE5B20326014C4D00F115F0 /* ViewController.swift in Sources */ = {isa = PBXBuildFile; fileRef = AAE5B20226014C4D00F115F0 /* ViewController.swift */; };
		AAE5B20626014C4D00F115F0 /* Main.storyboard in Resources */ = {isa = PBXBuildFile; fileRef = AAE5B20426014C4D00F115F0 /* Main.storyboard */; };
		AAE5B20826014C4E00F115F0 /* Assets.xcassets in Resources */ = {isa = PBXBuildFile; fileRef = AAE5B20726014C4E00F115F0 /* Assets.xcassets */; };
		AAE5B20B26014C4E00F115F0 /* LaunchScreen.storyboard in Resources */ = {isa = PBXBuildFile; fileRef = AAE5B20926014C4E00F115F0 /* LaunchScreen.storyboard */; };
		AAE5B21B26015A2300F115F0 /* Vista2ViewController.swift in Sources */ = {isa = PBXBuildFile; fileRef = AAE5B21526015A2300F115F0 /* Vista2ViewController.swift */; };
		AAE5B21C26015A2300F115F0 /* Vista1ViewController.swift in Sources */ = {isa = PBXBuildFile; fileRef = AAE5B21626015A2300F115F0 /* Vista1ViewController.swift */; };
		AAE5B21D26015A2300F115F0 /* Vista2ViewController.storyboard in Resources */ = {isa = PBXBuildFile; fileRef = AAE5B21726015A2300F115F0 /* Vista2ViewController.storyboard */; };
		AAE5B21E26015A2300F115F0 /* Vista1ViewController.storyboard in Resources */ = {isa = PBXBuildFile; fileRef = AAE5B21926015A2300F115F0 /* Vista1ViewController.storyboard */; };
		AAE5B22226015A6300F115F0 /* Vista3ViewController.swift in Sources */ = {isa = PBXBuildFile; fileRef = AAE5B22126015A6300F115F0 /* Vista3ViewController.swift */; };
		AAE5B22526015A8B00F115F0 /* Vista3ViewController.storyboard in Resources */ = {isa = PBXBuildFile; fileRef = AAE5B22426015A8B00F115F0 /* Vista3ViewController.storyboard */; };
/* End PBXBuildFile section */

/* Begin PBXFileReference section */
		AAE5B1FB26014C4D00F115F0 /* OnBoarding.app */ = {isa = PBXFileReference; explicitFileType = wrapper.application; includeInIndex = 0; path = OnBoarding.app; sourceTree = BUILT_PRODUCTS_DIR; };
		AAE5B1FE26014C4D00F115F0 /* AppDelegate.swift */ = {isa = PBXFileReference; lastKnownFileType = sourcecode.swift; path = AppDelegate.swift; sourceTree = "<group>"; };
		AAE5B20026014C4D00F115F0 /* SceneDelegate.swift */ = {isa = PBXFileReference; lastKnownFileType = sourcecode.swift; path = SceneDelegate.swift; sourceTree = "<group>"; };
		AAE5B20226014C4D00F115F0 /* ViewController.swift */ = {isa = PBXFileReference; lastKnownFileType = sourcecode.swift; path = ViewController.swift; sourceTree = "<group>"; };
		AAE5B20526014C4D00F115F0 /* Base */ = {isa = PBXFileReference; lastKnownFileType = file.storyboard; name = Base; path = Base.lproj/Main.storyboard; sourceTree = "<group>"; };
		AAE5B20726014C4E00F115F0 /* Assets.xcassets */ = {isa = PBXFileReference; lastKnownFileType = folder.assetcatalog; path = Assets.xcassets; sourceTree = "<group>"; };
		AAE5B20A26014C4E00F115F0 /* Base */ = {isa = PBXFileReference; lastKnownFileType = file.storyboard; name = Base; path = Base.lproj/LaunchScreen.storyboard; sourceTree = "<group>"; };
		AAE5B20C26014C4E00F115F0 /* Info.plist */ = {isa = PBXFileReference; lastKnownFileType = text.plist.xml; path = Info.plist; sourceTree = "<group>"; };
		AAE5B21526015A2300F115F0 /* Vista2ViewController.swift */ = {isa = PBXFileReference; fileEncoding = 4; lastKnownFileType = sourcecode.swift; path = Vista2ViewController.swift; sourceTree = "<group>"; };
		AAE5B21626015A2300F115F0 /* Vista1ViewController.swift */ = {isa = PBXFileReference; fileEncoding = 4; lastKnownFileType = sourcecode.swift; path = Vista1ViewController.swift; sourceTree = "<group>"; };
		AAE5B21726015A2300F115F0 /* Vista2ViewController.storyboard */ = {isa = PBXFileReference; fileEncoding = 4; lastKnownFileType = file.storyboard; path = Vista2ViewController.storyboard; sourceTree = "<group>"; };
		AAE5B21A26015A2300F115F0 /* Base */ = {isa = PBXFileReference; lastKnownFileType = file.storyboard; name = Base; path = Base.lproj/Vista1ViewController.storyboard; sourceTree = "<group>"; };
		AAE5B22126015A6300F115F0 /* Vista3ViewController.swift */ = {isa = PBXFileReference; lastKnownFileType = sourcecode.swift; path = Vista3ViewController.swift; sourceTree = "<group>"; };
		AAE5B22426015A8B00F115F0 /* Vista3ViewController.storyboard */ = {isa = PBXFileReference; lastKnownFileType = file.storyboard; path = Vista3ViewController.storyboard; sourceTree = "<group>"; };
/* End PBXFileReference section */

/* Begin PBXFrameworksBuildPhase section */
		AAE5B1F826014C4D00F115F0 /* Frameworks */ = {
			isa = PBXFrameworksBuildPhase;
			buildActionMask = 2147483647;
			files = (
			);
			runOnlyForDeploymentPostprocessing = 0;
		};
/* End PBXFrameworksBuildPhase section */

/* Begin PBXGroup section */
		AAE5B1F226014C4D00F115F0 = {
			isa = PBXGroup;
			children = (
				AAE5B1FD26014C4D00F115F0 /* OnBoarding */,
				AAE5B1FC26014C4D00F115F0 /* Products */,
			);
			sourceTree = "<group>";
		};
		AAE5B1FC26014C4D00F115F0 /* Products */ = {
			isa = PBXGroup;
			children = (
				AAE5B1FB26014C4D00F115F0 /* OnBoarding.app */,
			);
			name = Products;
			sourceTree = "<group>";
		};
		AAE5B1FD26014C4D00F115F0 /* OnBoarding */ = {
			isa = PBXGroup;
			children = (
				AAE5B21426015A2200F115F0 /* VistasContenedor */,
				AAE5B1FE26014C4D00F115F0 /* AppDelegate.swift */,
				AAE5B20026014C4D00F115F0 /* SceneDelegate.swift */,
				AAE5B20226014C4D00F115F0 /* ViewController.swift */,
				AAE5B20426014C4D00F115F0 /* Main.storyboard */,
				AAE5B20726014C4E00F115F0 /* Assets.xcassets */,
				AAE5B20926014C4E00F115F0 /* LaunchScreen.storyboard */,
				AAE5B20C26014C4E00F115F0 /* Info.plist */,
			);
			path = OnBoarding;
			sourceTree = "<group>";
		};
		AAE5B21426015A2200F115F0 /* VistasContenedor */ = {
			isa = PBXGroup;
			children = (
				AAE5B22126015A6300F115F0 /* Vista3ViewController.swift */,
				AAE5B21526015A2300F115F0 /* Vista2ViewController.swift */,
				AAE5B21626015A2300F115F0 /* Vista1ViewController.swift */,
				AAE5B22426015A8B00F115F0 /* Vista3ViewController.storyboard */,
				AAE5B21726015A2300F115F0 /* Vista2ViewController.storyboard */,
				AAE5B21926015A2300F115F0 /* Vista1ViewController.storyboard */,
			);
			path = VistasContenedor;
			sourceTree = "<group>";
		};
/* End PBXGroup section */

/* Begin PBXNativeTarget section */
		AAE5B1FA26014C4D00F115F0 /* OnBoarding */ = {
			isa = PBXNativeTarget;
			buildConfigurationList = AAE5B20F26014C4E00F115F0 /* Build configuration list for PBXNativeTarget "OnBoarding" */;
			buildPhases = (
				AAE5B1F726014C4D00F115F0 /* Sources */,
				AAE5B1F826014C4D00F115F0 /* Frameworks */,
				AAE5B1F926014C4D00F115F0 /* Resources */,
			);
			buildRules = (
			);
			dependencies = (
			);
			name = OnBoarding;
			productName = OnBoarding;
			productReference = AAE5B1FB26014C4D00F115F0 /* OnBoarding.app */;
			productType = "com.apple.product-type.application";
		};
/* End PBXNativeTarget section */

/* Begin PBXProject section */
		AAE5B1F326014C4D00F115F0 /* Project object */ = {
			isa = PBXProject;
			attributes = {
				LastSwiftUpdateCheck = 1230;
				LastUpgradeCheck = 1230;
				TargetAttributes = {
					AAE5B1FA26014C4D00F115F0 = {
						CreatedOnToolsVersion = 12.3;
					};
				};
			};
			buildConfigurationList = AAE5B1F626014C4D00F115F0 /* Build configuration list for PBXProject "OnBoarding" */;
			compatibilityVersion = "Xcode 9.3";
			developmentRegion = en;
			hasScannedForEncodings = 0;
			knownRegions = (
				en,
				Base,
			);
			mainGroup = AAE5B1F226014C4D00F115F0;
			productRefGroup = AAE5B1FC26014C4D00F115F0 /* Products */;
			projectDirPath = "";
			projectRoot = "";
			targets = (
				AAE5B1FA26014C4D00F115F0 /* OnBoarding */,
			);
		};
/* End PBXProject section */

/* Begin PBXResourcesBuildPhase section */
		AAE5B1F926014C4D00F115F0 /* Resources */ = {
			isa = PBXResourcesBuildPhase;
			buildActionMask = 2147483647;
			files = (
				AAE5B20B26014C4E00F115F0 /* LaunchScreen.storyboard in Resources */,
				AAE5B20826014C4E00F115F0 /* Assets.xcassets in Resources */,
				AAE5B21D26015A2300F115F0 /* Vista2ViewController.storyboard in Resources */,
				AAE5B22526015A8B00F115F0 /* Vista3ViewController.storyboard in Resources */,
				AAE5B20626014C4D00F115F0 /* Main.storyboard in Resources */,
				AAE5B21E26015A2300F115F0 /* Vista1ViewController.storyboard in Resources */,
			);
			runOnlyForDeploymentPostprocessing = 0;
		};
/* End PBXResourcesBuildPhase section */

/* Begin PBXSourcesBuildPhase section */
		AAE5B1F726014C4D00F115F0 /* Sources */ = {
			isa = PBXSourcesBuildPhase;
			buildActionMask = 2147483647;
			files = (
				AAE5B20326014C4D00F115F0 /* ViewController.swift in Sources */,
				AAE5B21C26015A2300F115F0 /* Vista1ViewController.swift in Sources */,
				AAE5B22226015A6300F115F0 /* Vista3ViewController.swift in Sources */,
				AAE5B21B26015A2300F115F0 /* Vista2ViewController.swift in Sources */,
				AAE5B1FF26014C4D00F115F0 /* AppDelegate.swift in Sources */,
				AAE5B20126014C4D00F115F0 /* SceneDelegate.swift in Sources */,
			);
			runOnlyForDeploymentPostprocessing = 0;
		};
/* End PBXSourcesBuildPhase section */

/* Begin PBXVariantGroup section */
		AAE5B20426014C4D00F115F0 /* Main.storyboard */ = {
			isa = PBXVariantGroup;
			children = (
				AAE5B20526014C4D00F115F0 /* Base */,
			);
			name = Main.storyboard;
			sourceTree = "<group>";
		};
		AAE5B20926014C4E00F115F0 /* LaunchScreen.storyboard */ = {
			isa = PBXVariantGroup;
			children = (
				AAE5B20A26014C4E00F115F0 /* Base */,
			);
			name = LaunchScreen.storyboard;
			sourceTree = "<group>";
		};
		AAE5B21926015A2300F115F0 /* Vista1ViewController.storyboard */ = {
			isa = PBXVariantGroup;
			children = (
				AAE5B21A26015A2300F115F0 /* Base */,
			);
			name = Vista1ViewController.storyboard;
			sourceTree = "<group>";
		};
/* End PBXVariantGroup section */

/* Begin XCBuildConfiguration section */
		AAE5B20D26014C4E00F115F0 /* Debug */ = {
			isa = XCBuildConfiguration;
			buildSettings = {
				ALWAYS_SEARCH_USER_PATHS = NO;
				CLANG_ANALYZER_NONNULL = YES;
				CLANG_ANALYZER_NUMBER_OBJECT_CONVERSION = YES_AGGRESSIVE;
				CLANG_CXX_LANGUAGE_STANDARD = "gnu++14";
				CLANG_CXX_LIBRARY = "libc++";
				CLANG_ENABLE_MODULES = YES;
				CLANG_ENABLE_OBJC_ARC = YES;
				CLANG_ENABLE_OBJC_WEAK = YES;
				CLANG_WARN_BLOCK_CAPTURE_AUTORELEASING = YES;
				CLANG_WARN_BOOL_CONVERSION = YES;
				CLANG_WARN_COMMA = YES;
				CLANG_WARN_CONSTANT_CONVERSION = YES;
				CLANG_WARN_DEPRECATED_OBJC_IMPLEMENTATIONS = YES;
				CLANG_WARN_DIRECT_OBJC_ISA_USAGE = YES_ERROR;
				CLANG_WARN_DOCUMENTATION_COMMENTS = YES;
				CLANG_WARN_EMPTY_BODY = YES;
				CLANG_WARN_ENUM_CONVERSION = YES;
				CLANG_WARN_INFINITE_RECURSION = YES;
				CLANG_WARN_INT_CONVERSION = YES;
				CLANG_WARN_NON_LITERAL_NULL_CONVERSION = YES;
				CLANG_WARN_OBJC_IMPLICIT_RETAIN_SELF = YES;
				CLANG_WARN_OBJC_LITERAL_CONVERSION = YES;
				CLANG_WARN_OBJC_ROOT_CLASS = YES_ERROR;
				CLANG_WARN_QUOTED_INCLUDE_IN_FRAMEWORK_HEADER = YES;
				CLANG_WARN_RANGE_LOOP_ANALYSIS = YES;
				CLANG_WARN_STRICT_PROTOTYPES = YES;
				CLANG_WARN_SUSPICIOUS_MOVE = YES;
				CLANG_WARN_UNGUARDED_AVAILABILITY = YES_AGGRESSIVE;
				CLANG_WARN_UNREACHABLE_CODE = YES;
				CLANG_WARN__DUPLICATE_METHOD_MATCH = YES;
				COPY_PHASE_STRIP = NO;
				DEBUG_INFORMATION_FORMAT = dwarf;
				ENABLE_STRICT_OBJC_MSGSEND = YES;
				ENABLE_TESTABILITY = YES;
				GCC_C_LANGUAGE_STANDARD = gnu11;
				GCC_DYNAMIC_NO_PIC = NO;
				GCC_NO_COMMON_BLOCKS = YES;
				GCC_OPTIMIZATION_LEVEL = 0;
				GCC_PREPROCESSOR_DEFINITIONS = (
					"DEBUG=1",
					"$(inherited)",
				);
				GCC_WARN_64_TO_32_BIT_CONVERSION = YES;
				GCC_WARN_ABOUT_RETURN_TYPE = YES_ERROR;
				GCC_WARN_UNDECLARED_SELECTOR = YES;
				GCC_WARN_UNINITIALIZED_AUTOS = YES_AGGRESSIVE;
				GCC_WARN_UNUSED_FUNCTION = YES;
				GCC_WARN_UNUSED_VARIABLE = YES;
				IPHONEOS_DEPLOYMENT_TARGET = 14.3;
				MTL_ENABLE_DEBUG_INFO = INCLUDE_SOURCE;
				MTL_FAST_MATH = YES;
				ONLY_ACTIVE_ARCH = YES;
				SDKROOT = iphoneos;
				SWIFT_ACTIVE_COMPILATION_CONDITIONS = DEBUG;
				SWIFT_OPTIMIZATION_LEVEL = "-Onone";
			};
			name = Debug;
		};
		AAE5B20E26014C4E00F115F0 /* Release */ = {
			isa = XCBuildConfiguration;
			buildSettings = {
				ALWAYS_SEARCH_USER_PATHS = NO;
				CLANG_ANALYZER_NONNULL = YES;
				CLANG_ANALYZER_NUMBER_OBJECT_CONVERSION = YES_AGGRESSIVE;
				CLANG_CXX_LANGUAGE_STANDARD = "gnu++14";
				CLANG_CXX_LIBRARY = "libc++";
				CLANG_ENABLE_MODULES = YES;
				CLANG_ENABLE_OBJC_ARC = YES;
				CLANG_ENABLE_OBJC_WEAK = YES;
				CLANG_WARN_BLOCK_CAPTURE_AUTORELEASING = YES;
				CLANG_WARN_BOOL_CONVERSION = YES;
				CLANG_WARN_COMMA = YES;
				CLANG_WARN_CONSTANT_CONVERSION = YES;
				CLANG_WARN_DEPRECATED_OBJC_IMPLEMENTATIONS = YES;
				CLANG_WARN_DIRECT_OBJC_ISA_USAGE = YES_ERROR;
				CLANG_WARN_DOCUMENTATION_COMMENTS = YES;
				CLANG_WARN_EMPTY_BODY = YES;
				CLANG_WARN_ENUM_CONVERSION = YES;
				CLANG_WARN_INFINITE_RECURSION = YES;
				CLANG_WARN_INT_CONVERSION = YES;
				CLANG_WARN_NON_LITERAL_NULL_CONVERSION = YES;
				CLANG_WARN_OBJC_IMPLICIT_RETAIN_SELF = YES;
				CLANG_WARN_OBJC_LITERAL_CONVERSION = YES;
				CLANG_WARN_OBJC_ROOT_CLASS = YES_ERROR;
				CLANG_WARN_QUOTED_INCLUDE_IN_FRAMEWORK_HEADER = YES;
				CLANG_WARN_RANGE_LOOP_ANALYSIS = YES;
				CLANG_WARN_STRICT_PROTOTYPES = YES;
				CLANG_WARN_SUSPICIOUS_MOVE = YES;
				CLANG_WARN_UNGUARDED_AVAILABILITY = YES_AGGRESSIVE;
				CLANG_WARN_UNREACHABLE_CODE = YES;
				CLANG_WARN__DUPLICATE_METHOD_MATCH = YES;
				COPY_PHASE_STRIP = NO;
				DEBUG_INFORMATION_FORMAT = "dwarf-with-dsym";
				ENABLE_NS_ASSERTIONS = NO;
				ENABLE_STRICT_OBJC_MSGSEND = YES;
				GCC_C_LANGUAGE_STANDARD = gnu11;
				GCC_NO_COMMON_BLOCKS = YES;
				GCC_WARN_64_TO_32_BIT_CONVERSION = YES;
				GCC_WARN_ABOUT_RETURN_TYPE = YES_ERROR;
				GCC_WARN_UNDECLARED_SELECTOR = YES;
				GCC_WARN_UNINITIALIZED_AUTOS = YES_AGGRESSIVE;
				GCC_WARN_UNUSED_FUNCTION = YES;
				GCC_WARN_UNUSED_VARIABLE = YES;
				IPHONEOS_DEPLOYMENT_TARGET = 14.3;
				MTL_ENABLE_DEBUG_INFO = NO;
				MTL_FAST_MATH = YES;
				SDKROOT = iphoneos;
				SWIFT_COMPILATION_MODE = wholemodule;
				SWIFT_OPTIMIZATION_LEVEL = "-O";
				VALIDATE_PRODUCT = YES;
			};
			name = Release;
		};
		AAE5B21026014C4E00F115F0 /* Debug */ = {
			isa = XCBuildConfiguration;
			buildSettings = {
				ASSETCATALOG_COMPILER_APPICON_NAME = AppIcon;
				ASSETCATALOG_COMPILER_GLOBAL_ACCENT_COLOR_NAME = AccentColor;
				CODE_SIGN_STYLE = Automatic;
				DEVELOPMENT_TEAM = 9TPTHP2V2G;
				INFOPLIST_FILE = OnBoarding/Info.plist;
				LD_RUNPATH_SEARCH_PATHS = (
					"$(inherited)",
					"@executable_path/Frameworks",
				);
				PRODUCT_BUNDLE_IDENTIFIER = com.bugsoft.OnBoarding;
				PRODUCT_NAME = "$(TARGET_NAME)";
				SWIFT_VERSION = 5.0;
				TARGETED_DEVICE_FAMILY = "1,2";
			};
			name = Debug;
		};
		AAE5B21126014C4E00F115F0 /* Release */ = {
			isa = XCBuildConfiguration;
			buildSettings = {
				ASSETCATALOG_COMPILER_APPICON_NAME = AppIcon;
				ASSETCATALOG_COMPILER_GLOBAL_ACCENT_COLOR_NAME = AccentColor;
				CODE_SIGN_STYLE = Automatic;
				DEVELOPMENT_TEAM = 9TPTHP2V2G;
				INFOPLIST_FILE = OnBoarding/Info.plist;
				LD_RUNPATH_SEARCH_PATHS = (
					"$(inherited)",
					"@executable_path/Frameworks",
				);
				PRODUCT_BUNDLE_IDENTIFIER = com.bugsoft.OnBoarding;
				PRODUCT_NAME = "$(TARGET_NAME)";
				SWIFT_VERSION = 5.0;
				TARGETED_DEVICE_FAMILY = "1,2";
			};
			name = Release;
		};
/* End XCBuildConfiguration section */

/* Begin XCConfigurationList section */
		AAE5B1F626014C4D00F115F0 /* Build configuration list for PBXProject "OnBoarding" */ = {
			isa = XCConfigurationList;
			buildConfigurations = (
				AAE5B20D26014C4E00F115F0 /* Debug */,
				AAE5B20E26014C4E00F115F0 /* Release */,
			);
			defaultConfigurationIsVisible = 0;
			defaultConfigurationName = Release;
		};
		AAE5B20F26014C4E00F115F0 /* Build configuration list for PBXNativeTarget "OnBoarding" */ = {
			isa = XCConfigurationList;
			buildConfigurations = (
				AAE5B21026014C4E00F115F0 /* Debug */,
				AAE5B21126014C4E00F115F0 /* Release */,
			);
			defaultConfigurationIsVisible = 0;
			defaultConfigurationName = Release;
		};
/* End XCConfigurationList section */
	};
	rootObject = AAE5B1F326014C4D00F115F0 /* Project object */;
}
